
Microsoft Visual Studio Solution File, Format Version 12.00
# Visual Studio Version 16
VisualStudioVersion = 16.0.31910.168
MinimumVisualStudioVersion = 10.0.40219.1
Project("{FAE04EC0-301F-11D3-BF4B-00C04F79EFBC}") = "HelloWinForm", "HelloWinForm.csproj", "{5EB4631D-FA9B-4281-BA5D-47ADFE45BC74}"
EndProject
Global
	GlobalSection(SolutionConfigurationPlatforms) = preSolution
		Debug|Any CPU = Debug|Any CPU
		Release|Any CPU = Release|Any CPU
	EndGlobalSection
	GlobalSection(ProjectConfigurationPlatforms) = postSolution
		{5EB4631D-FA9B-4281-BA5D-47ADFE45BC74}.Debug|Any CPU.ActiveCfg = Debug|Any CPU
		{5EB4631D-FA9B-4281-BA5D-47ADFE45BC74}.Debug|Any CPU.Build.0 = Debug|Any CPU
		{5EB4631D-FA9B-4281-BA5D-47ADFE45BC74}.Release|Any CPU.ActiveCfg = Release|Any CPU
		{5EB4631D-FA9B-4281-BA5D-47ADFE45BC74}.Release|Any CPU.Build.0 = Release|Any CPU
	EndGlobalSection
	GlobalSection(SolutionProperties) = preSolution
		HideSolutionNode = FALSE
	EndGlobalSection
	GlobalSection(ExtensibilityGlobals) = postSolution
		SolutionGuid = {286EBD78-A007-43AB-800A-408A2EE07DA6}
	EndGlobalSection
EndGlobal
